// !$*UTF8*$!
{
	archiveVersion = 1;
	classes = {
	};
	objectVersion = 56;
	objects = {

/* Begin PBXBuildFile section */
		694360CF2C0EF2AF008EA1A8 /* CustomLabel.swift in Sources */ = {isa = PBXBuildFile; fileRef = 694360CE2C0EF2AF008EA1A8 /* CustomLabel.swift */; };
		694360D32C0EF902008EA1A8 /* PasswordListView.swift in Sources */ = {isa = PBXBuildFile; fileRef = 694360D22C0EF902008EA1A8 /* PasswordListView.swift */; };
		694360D52C0EF9A2008EA1A8 /* PasswordListViewModel.swift in Sources */ = {isa = PBXBuildFile; fileRef = 694360D42C0EF9A2008EA1A8 /* PasswordListViewModel.swift */; };
		694360D82C0EF9C8008EA1A8 /* PasswordItem.swift in Sources */ = {isa = PBXBuildFile; fileRef = 694360D72C0EF9C8008EA1A8 /* PasswordItem.swift */; };
		694360DA2C0EF9F6008EA1A8 /* PasswordCard.swift in Sources */ = {isa = PBXBuildFile; fileRef = 694360D92C0EF9F6008EA1A8 /* PasswordCard.swift */; };
		6963FFF32C0F445E00ABF9B4 /* PasswordGeneratorViewModel.swift in Sources */ = {isa = PBXBuildFile; fileRef = 6963FFF22C0F445E00ABF9B4 /* PasswordGeneratorViewModel.swift */; };
		6963FFF52C0F45E000ABF9B4 /* PasswordGeneratorViewState.swift in Sources */ = {isa = PBXBuildFile; fileRef = 6963FFF42C0F45E000ABF9B4 /* PasswordGeneratorViewState.swift */; };
		697975602C11D9520080FFA8 /* PasswordListViewState.swift in Sources */ = {isa = PBXBuildFile; fileRef = 6979755F2C11D9520080FFA8 /* PasswordListViewState.swift */; };
		697975622C11DB8F0080FFA8 /* PasswordDetailsView.swift in Sources */ = {isa = PBXBuildFile; fileRef = 697975612C11DB8F0080FFA8 /* PasswordDetailsView.swift */; };
		697975642C11DC170080FFA8 /* PasswordDetailsViewModel.swift in Sources */ = {isa = PBXBuildFile; fileRef = 697975632C11DC170080FFA8 /* PasswordDetailsViewModel.swift */; };
		69DC35BD2C0E3C660002D39D /* pwdmngrApp.swift in Sources */ = {isa = PBXBuildFile; fileRef = 69DC35BC2C0E3C660002D39D /* pwdmngrApp.swift */; };
		69DC35BF2C0E3C660002D39D /* ContentView.swift in Sources */ = {isa = PBXBuildFile; fileRef = 69DC35BE2C0E3C660002D39D /* ContentView.swift */; };
		69DC35C12C0E3C680002D39D /* Assets.xcassets in Resources */ = {isa = PBXBuildFile; fileRef = 69DC35C02C0E3C680002D39D /* Assets.xcassets */; };
		69DC35C42C0E3C680002D39D /* Preview Assets.xcassets in Resources */ = {isa = PBXBuildFile; fileRef = 69DC35C32C0E3C680002D39D /* Preview Assets.xcassets */; };
		69DC35D62C0E581B0002D39D /* ClashGrotesk-Bold.otf in Resources */ = {isa = PBXBuildFile; fileRef = 69DC35D02C0E581B0002D39D /* ClashGrotesk-Bold.otf */; };
		69DC35D72C0E581B0002D39D /* ClashGrotesk-Medium.otf in Resources */ = {isa = PBXBuildFile; fileRef = 69DC35D12C0E581B0002D39D /* ClashGrotesk-Medium.otf */; };
		69DC35D82C0E581B0002D39D /* ClashGrotesk-Regular.otf in Resources */ = {isa = PBXBuildFile; fileRef = 69DC35D22C0E581B0002D39D /* ClashGrotesk-Regular.otf */; };
		69DC35D92C0E581B0002D39D /* ClashGrotesk-Light.otf in Resources */ = {isa = PBXBuildFile; fileRef = 69DC35D32C0E581B0002D39D /* ClashGrotesk-Light.otf */; };
		69DC35DA2C0E581B0002D39D /* ClashGrotesk-Semibold.otf in Resources */ = {isa = PBXBuildFile; fileRef = 69DC35D42C0E581B0002D39D /* ClashGrotesk-Semibold.otf */; };
		69DC35DB2C0E581B0002D39D /* ClashGrotesk-Extralight.otf in Resources */ = {isa = PBXBuildFile; fileRef = 69DC35D52C0E581B0002D39D /* ClashGrotesk-Extralight.otf */; };
		69DC35DD2C0E58DC0002D39D /* CustomFont.swift in Sources */ = {isa = PBXBuildFile; fileRef = 69DC35DC2C0E58DC0002D39D /* CustomFont.swift */; };
		69DC35DF2C0E59450002D39D /* TextExtension.swift in Sources */ = {isa = PBXBuildFile; fileRef = 69DC35DE2C0E59450002D39D /* TextExtension.swift */; };
		69DC35E22C0E5AE20002D39D /* PasswordGeneratorView.swift in Sources */ = {isa = PBXBuildFile; fileRef = 69DC35E12C0E5AE20002D39D /* PasswordGeneratorView.swift */; };
		69DC35E52C0E67790002D39D /* SensorDataManager.swift in Sources */ = {isa = PBXBuildFile; fileRef = 69DC35E42C0E67790002D39D /* SensorDataManager.swift */; };
		69DC35E82C0E69330002D39D /* SeededRandomNumberGenerator.swift in Sources */ = {isa = PBXBuildFile; fileRef = 69DC35E72C0E69330002D39D /* SeededRandomNumberGenerator.swift */; };
/* End PBXBuildFile section */

/* Begin PBXFileReference section */
		694360CE2C0EF2AF008EA1A8 /* CustomLabel.swift */ = {isa = PBXFileReference; lastKnownFileType = sourcecode.swift; path = CustomLabel.swift; sourceTree = "<group>"; };
		694360D22C0EF902008EA1A8 /* PasswordListView.swift */ = {isa = PBXFileReference; lastKnownFileType = sourcecode.swift; path = PasswordListView.swift; sourceTree = "<group>"; };
		694360D42C0EF9A2008EA1A8 /* PasswordListViewModel.swift */ = {isa = PBXFileReference; lastKnownFileType = sourcecode.swift; path = PasswordListViewModel.swift; sourceTree = "<group>"; };
		694360D72C0EF9C8008EA1A8 /* PasswordItem.swift */ = {isa = PBXFileReference; lastKnownFileType = sourcecode.swift; path = PasswordItem.swift; sourceTree = "<group>"; };
		694360D92C0EF9F6008EA1A8 /* PasswordCard.swift */ = {isa = PBXFileReference; lastKnownFileType = sourcecode.swift; path = PasswordCard.swift; sourceTree = "<group>"; };
		6963FFF22C0F445E00ABF9B4 /* PasswordGeneratorViewModel.swift */ = {isa = PBXFileReference; lastKnownFileType = sourcecode.swift; path = PasswordGeneratorViewModel.swift; sourceTree = "<group>"; };
		6963FFF42C0F45E000ABF9B4 /* PasswordGeneratorViewState.swift */ = {isa = PBXFileReference; lastKnownFileType = sourcecode.swift; path = PasswordGeneratorViewState.swift; sourceTree = "<group>"; };
		6979755F2C11D9520080FFA8 /* PasswordListViewState.swift */ = {isa = PBXFileReference; lastKnownFileType = sourcecode.swift; path = PasswordListViewState.swift; sourceTree = "<group>"; };
		697975612C11DB8F0080FFA8 /* PasswordDetailsView.swift */ = {isa = PBXFileReference; lastKnownFileType = sourcecode.swift; path = PasswordDetailsView.swift; sourceTree = "<group>"; };
		697975632C11DC170080FFA8 /* PasswordDetailsViewModel.swift */ = {isa = PBXFileReference; lastKnownFileType = sourcecode.swift; path = PasswordDetailsViewModel.swift; sourceTree = "<group>"; };
		69DC35B92C0E3C660002D39D /* pwdmngr.app */ = {isa = PBXFileReference; explicitFileType = wrapper.application; includeInIndex = 0; path = pwdmngr.app; sourceTree = BUILT_PRODUCTS_DIR; };
		69DC35BC2C0E3C660002D39D /* pwdmngrApp.swift */ = {isa = PBXFileReference; lastKnownFileType = sourcecode.swift; path = pwdmngrApp.swift; sourceTree = "<group>"; };
		69DC35BE2C0E3C660002D39D /* ContentView.swift */ = {isa = PBXFileReference; lastKnownFileType = sourcecode.swift; path = ContentView.swift; sourceTree = "<group>"; };
		69DC35C02C0E3C680002D39D /* Assets.xcassets */ = {isa = PBXFileReference; lastKnownFileType = folder.assetcatalog; path = Assets.xcassets; sourceTree = "<group>"; };
		69DC35C32C0E3C680002D39D /* Preview Assets.xcassets */ = {isa = PBXFileReference; lastKnownFileType = folder.assetcatalog; path = "Preview Assets.xcassets"; sourceTree = "<group>"; };
		69DC35CE2C0E557B0002D39D /* Info.plist */ = {isa = PBXFileReference; lastKnownFileType = text.plist; path = Info.plist; sourceTree = "<group>"; };
		69DC35D02C0E581B0002D39D /* ClashGrotesk-Bold.otf */ = {isa = PBXFileReference; lastKnownFileType = file; path = "ClashGrotesk-Bold.otf"; sourceTree = "<group>"; };
		69DC35D12C0E581B0002D39D /* ClashGrotesk-Medium.otf */ = {isa = PBXFileReference; lastKnownFileType = file; path = "ClashGrotesk-Medium.otf"; sourceTree = "<group>"; };
		69DC35D22C0E581B0002D39D /* ClashGrotesk-Regular.otf */ = {isa = PBXFileReference; lastKnownFileType = file; path = "ClashGrotesk-Regular.otf"; sourceTree = "<group>"; };
		69DC35D32C0E581B0002D39D /* ClashGrotesk-Light.otf */ = {isa = PBXFileReference; lastKnownFileType = file; path = "ClashGrotesk-Light.otf"; sourceTree = "<group>"; };
		69DC35D42C0E581B0002D39D /* ClashGrotesk-Semibold.otf */ = {isa = PBXFileReference; lastKnownFileType = file; path = "ClashGrotesk-Semibold.otf"; sourceTree = "<group>"; };
		69DC35D52C0E581B0002D39D /* ClashGrotesk-Extralight.otf */ = {isa = PBXFileReference; lastKnownFileType = file; path = "ClashGrotesk-Extralight.otf"; sourceTree = "<group>"; };
		69DC35DC2C0E58DC0002D39D /* CustomFont.swift */ = {isa = PBXFileReference; lastKnownFileType = sourcecode.swift; path = CustomFont.swift; sourceTree = "<group>"; };
		69DC35DE2C0E59450002D39D /* TextExtension.swift */ = {isa = PBXFileReference; lastKnownFileType = sourcecode.swift; path = TextExtension.swift; sourceTree = "<group>"; };
		69DC35E12C0E5AE20002D39D /* PasswordGeneratorView.swift */ = {isa = PBXFileReference; lastKnownFileType = sourcecode.swift; path = PasswordGeneratorView.swift; sourceTree = "<group>"; };
		69DC35E42C0E67790002D39D /* SensorDataManager.swift */ = {isa = PBXFileReference; lastKnownFileType = sourcecode.swift; path = SensorDataManager.swift; sourceTree = "<group>"; };
		69DC35E72C0E69330002D39D /* SeededRandomNumberGenerator.swift */ = {isa = PBXFileReference; lastKnownFileType = sourcecode.swift; path = SeededRandomNumberGenerator.swift; sourceTree = "<group>"; };
/* End PBXFileReference section */

/* Begin PBXFrameworksBuildPhase section */
		69DC35B62C0E3C660002D39D /* Frameworks */ = {
			isa = PBXFrameworksBuildPhase;
			buildActionMask = 2147483647;
			files = (
			);
			runOnlyForDeploymentPostprocessing = 0;
		};
/* End PBXFrameworksBuildPhase section */

/* Begin PBXGroup section */
		694360CD2C0EF29F008EA1A8 /* Components */ = {
			isa = PBXGroup;
			children = (
				694360CE2C0EF2AF008EA1A8 /* CustomLabel.swift */,
				694360D92C0EF9F6008EA1A8 /* PasswordCard.swift */,
			);
			path = Components;
			sourceTree = "<group>";
		};
		694360D62C0EF9B3008EA1A8 /* Models */ = {
			isa = PBXGroup;
			children = (
				694360D72C0EF9C8008EA1A8 /* PasswordItem.swift */,
			);
			path = Models;
			sourceTree = "<group>";
		};
		6963FFEF2C0F32F600ABF9B4 /* ViewStates */ = {
			isa = PBXGroup;
			children = (
				6963FFF42C0F45E000ABF9B4 /* PasswordGeneratorViewState.swift */,
				6979755F2C11D9520080FFA8 /* PasswordListViewState.swift */,
			);
			path = ViewStates;
			sourceTree = "<group>";
		};
		69DC35B02C0E3C660002D39D = {
			isa = PBXGroup;
			children = (
				69DC35BB2C0E3C660002D39D /* pwdmngr */,
				69DC35BA2C0E3C660002D39D /* Products */,
			);
			sourceTree = "<group>";
		};
		69DC35BA2C0E3C660002D39D /* Products */ = {
			isa = PBXGroup;
			children = (
				69DC35B92C0E3C660002D39D /* pwdmngr.app */,
			);
			name = Products;
			sourceTree = "<group>";
		};
		69DC35BB2C0E3C660002D39D /* pwdmngr */ = {
			isa = PBXGroup;
			children = (
				694360D62C0EF9B3008EA1A8 /* Models */,
				694360CD2C0EF29F008EA1A8 /* Components */,
				69DC35E62C0E69080002D39D /* Helpers */,
				69DC35E32C0E674C0002D39D /* ViewModels */,
				6963FFEF2C0F32F600ABF9B4 /* ViewStates */,
				69DC35E02C0E5AAF0002D39D /* Views */,
				69DC35CC2C0E53F20002D39D /* Fonts */,
				69DC35BC2C0E3C660002D39D /* pwdmngrApp.swift */,
				69DC35BE2C0E3C660002D39D /* ContentView.swift */,
				69DC35CE2C0E557B0002D39D /* Info.plist */,
				69DC35C02C0E3C680002D39D /* Assets.xcassets */,
				69DC35C22C0E3C680002D39D /* Preview Content */,
			);
			path = pwdmngr;
			sourceTree = "<group>";
		};
		69DC35C22C0E3C680002D39D /* Preview Content */ = {
			isa = PBXGroup;
			children = (
				69DC35C32C0E3C680002D39D /* Preview Assets.xcassets */,
			);
			path = "Preview Content";
			sourceTree = "<group>";
		};
		69DC35CC2C0E53F20002D39D /* Fonts */ = {
			isa = PBXGroup;
			children = (
				69DC35CF2C0E577D0002D39D /* ClashGrotesk */,
				69DC35DC2C0E58DC0002D39D /* CustomFont.swift */,
				69DC35DE2C0E59450002D39D /* TextExtension.swift */,
			);
			path = Fonts;
			sourceTree = "<group>";
		};
		69DC35CF2C0E577D0002D39D /* ClashGrotesk */ = {
			isa = PBXGroup;
			children = (
				69DC35D02C0E581B0002D39D /* ClashGrotesk-Bold.otf */,
				69DC35D52C0E581B0002D39D /* ClashGrotesk-Extralight.otf */,
				69DC35D32C0E581B0002D39D /* ClashGrotesk-Light.otf */,
				69DC35D12C0E581B0002D39D /* ClashGrotesk-Medium.otf */,
				69DC35D22C0E581B0002D39D /* ClashGrotesk-Regular.otf */,
				69DC35D42C0E581B0002D39D /* ClashGrotesk-Semibold.otf */,
			);
			path = ClashGrotesk;
			sourceTree = "<group>";
		};
		69DC35E02C0E5AAF0002D39D /* Views */ = {
			isa = PBXGroup;
			children = (
				69DC35E12C0E5AE20002D39D /* PasswordGeneratorView.swift */,
				694360D22C0EF902008EA1A8 /* PasswordListView.swift */,
				697975612C11DB8F0080FFA8 /* PasswordDetailsView.swift */,
			);
			path = Views;
			sourceTree = "<group>";
		};
		69DC35E32C0E674C0002D39D /* ViewModels */ = {
			isa = PBXGroup;
			children = (
				694360D42C0EF9A2008EA1A8 /* PasswordListViewModel.swift */,
				6963FFF22C0F445E00ABF9B4 /* PasswordGeneratorViewModel.swift */,
				697975632C11DC170080FFA8 /* PasswordDetailsViewModel.swift */,
			);
			path = ViewModels;
			sourceTree = "<group>";
		};
		69DC35E62C0E69080002D39D /* Helpers */ = {
			isa = PBXGroup;
			children = (
				69DC35E42C0E67790002D39D /* SensorDataManager.swift */,
				69DC35E72C0E69330002D39D /* SeededRandomNumberGenerator.swift */,
			);
			path = Helpers;
			sourceTree = "<group>";
		};
/* End PBXGroup section */

/* Begin PBXNativeTarget section */
		69DC35B82C0E3C660002D39D /* pwdmngr */ = {
			isa = PBXNativeTarget;
			buildConfigurationList = 69DC35C72C0E3C680002D39D /* Build configuration list for PBXNativeTarget "pwdmngr" */;
			buildPhases = (
				69DC35B52C0E3C660002D39D /* Sources */,
				69DC35B62C0E3C660002D39D /* Frameworks */,
				69DC35B72C0E3C660002D39D /* Resources */,
			);
			buildRules = (
			);
			dependencies = (
			);
			name = pwdmngr;
			productName = pwdmngr;
			productReference = 69DC35B92C0E3C660002D39D /* pwdmngr.app */;
			productType = "com.apple.product-type.application";
		};
/* End PBXNativeTarget section */

/* Begin PBXProject section */
		69DC35B12C0E3C660002D39D /* Project object */ = {
			isa = PBXProject;
			attributes = {
				BuildIndependentTargetsInParallel = 1;
				LastSwiftUpdateCheck = 1540;
				LastUpgradeCheck = 1540;
				TargetAttributes = {
					69DC35B82C0E3C660002D39D = {
						CreatedOnToolsVersion = 15.4;
					};
				};
			};
			buildConfigurationList = 69DC35B42C0E3C660002D39D /* Build configuration list for PBXProject "pwdmngr" */;
			compatibilityVersion = "Xcode 14.0";
			developmentRegion = en;
			hasScannedForEncodings = 0;
			knownRegions = (
				en,
				Base,
			);
			mainGroup = 69DC35B02C0E3C660002D39D;
			productRefGroup = 69DC35BA2C0E3C660002D39D /* Products */;
			projectDirPath = "";
			projectRoot = "";
			targets = (
				69DC35B82C0E3C660002D39D /* pwdmngr */,
			);
		};
/* End PBXProject section */

/* Begin PBXResourcesBuildPhase section */
		69DC35B72C0E3C660002D39D /* Resources */ = {
			isa = PBXResourcesBuildPhase;
			buildActionMask = 2147483647;
			files = (
				69DC35D82C0E581B0002D39D /* ClashGrotesk-Regular.otf in Resources */,
				69DC35C42C0E3C680002D39D /* Preview Assets.xcassets in Resources */,
				69DC35C12C0E3C680002D39D /* Assets.xcassets in Resources */,
				69DC35D72C0E581B0002D39D /* ClashGrotesk-Medium.otf in Resources */,
				69DC35D92C0E581B0002D39D /* ClashGrotesk-Light.otf in Resources */,
				69DC35DB2C0E581B0002D39D /* ClashGrotesk-Extralight.otf in Resources */,
				69DC35D62C0E581B0002D39D /* ClashGrotesk-Bold.otf in Resources */,
				69DC35DA2C0E581B0002D39D /* ClashGrotesk-Semibold.otf in Resources */,
			);
			runOnlyForDeploymentPostprocessing = 0;
		};
/* End PBXResourcesBuildPhase section */

/* Begin PBXSourcesBuildPhase section */
		69DC35B52C0E3C660002D39D /* Sources */ = {
			isa = PBXSourcesBuildPhase;
			buildActionMask = 2147483647;
			files = (
				694360D82C0EF9C8008EA1A8 /* PasswordItem.swift in Sources */,
				69DC35E22C0E5AE20002D39D /* PasswordGeneratorView.swift in Sources */,
				697975642C11DC170080FFA8 /* PasswordDetailsViewModel.swift in Sources */,
				6963FFF52C0F45E000ABF9B4 /* PasswordGeneratorViewState.swift in Sources */,
				697975602C11D9520080FFA8 /* PasswordListViewState.swift in Sources */,
				69DC35DF2C0E59450002D39D /* TextExtension.swift in Sources */,
				6963FFF32C0F445E00ABF9B4 /* PasswordGeneratorViewModel.swift in Sources */,
				69DC35E52C0E67790002D39D /* SensorDataManager.swift in Sources */,
				694360D52C0EF9A2008EA1A8 /* PasswordListViewModel.swift in Sources */,
				697975622C11DB8F0080FFA8 /* PasswordDetailsView.swift in Sources */,
				694360D32C0EF902008EA1A8 /* PasswordListView.swift in Sources */,
				69DC35DD2C0E58DC0002D39D /* CustomFont.swift in Sources */,
				69DC35E82C0E69330002D39D /* SeededRandomNumberGenerator.swift in Sources */,
				69DC35BF2C0E3C660002D39D /* ContentView.swift in Sources */,
				69DC35BD2C0E3C660002D39D /* pwdmngrApp.swift in Sources */,
				694360DA2C0EF9F6008EA1A8 /* PasswordCard.swift in Sources */,
				694360CF2C0EF2AF008EA1A8 /* CustomLabel.swift in Sources */,
			);
			runOnlyForDeploymentPostprocessing = 0;
		};
/* End PBXSourcesBuildPhase section */

/* Begin XCBuildConfiguration section */
		69DC35C52C0E3C680002D39D /* Debug */ = {
			isa = XCBuildConfiguration;
			buildSettings = {
				ALWAYS_SEARCH_USER_PATHS = NO;
				ASSETCATALOG_COMPILER_GENERATE_SWIFT_ASSET_SYMBOL_EXTENSIONS = YES;
				CLANG_ANALYZER_NONNULL = YES;
				CLANG_ANALYZER_NUMBER_OBJECT_CONVERSION = YES_AGGRESSIVE;
				CLANG_CXX_LANGUAGE_STANDARD = "gnu++20";
				CLANG_ENABLE_MODULES = YES;
				CLANG_ENABLE_OBJC_ARC = YES;
				CLANG_ENABLE_OBJC_WEAK = YES;
				CLANG_WARN_BLOCK_CAPTURE_AUTORELEASING = YES;
				CLANG_WARN_BOOL_CONVERSION = YES;
				CLANG_WARN_COMMA = YES;
				CLANG_WARN_CONSTANT_CONVERSION = YES;
				CLANG_WARN_DEPRECATED_OBJC_IMPLEMENTATIONS = YES;
				CLANG_WARN_DIRECT_OBJC_ISA_USAGE = YES_ERROR;
				CLANG_WARN_DOCUMENTATION_COMMENTS = YES;
				CLANG_WARN_EMPTY_BODY = YES;
				CLANG_WARN_ENUM_CONVERSION = YES;
				CLANG_WARN_INFINITE_RECURSION = YES;
				CLANG_WARN_INT_CONVERSION = YES;
				CLANG_WARN_NON_LITERAL_NULL_CONVERSION = YES;
				CLANG_WARN_OBJC_IMPLICIT_RETAIN_SELF = YES;
				CLANG_WARN_OBJC_LITERAL_CONVERSION = YES;
				CLANG_WARN_OBJC_ROOT_CLASS = YES_ERROR;
				CLANG_WARN_QUOTED_INCLUDE_IN_FRAMEWORK_HEADER = YES;
				CLANG_WARN_RANGE_LOOP_ANALYSIS = YES;
				CLANG_WARN_STRICT_PROTOTYPES = YES;
				CLANG_WARN_SUSPICIOUS_MOVE = YES;
				CLANG_WARN_UNGUARDED_AVAILABILITY = YES_AGGRESSIVE;
				CLANG_WARN_UNREACHABLE_CODE = YES;
				CLANG_WARN__DUPLICATE_METHOD_MATCH = YES;
				COPY_PHASE_STRIP = NO;
				DEBUG_INFORMATION_FORMAT = dwarf;
				ENABLE_STRICT_OBJC_MSGSEND = YES;
				ENABLE_TESTABILITY = YES;
				ENABLE_USER_SCRIPT_SANDBOXING = YES;
				GCC_C_LANGUAGE_STANDARD = gnu17;
				GCC_DYNAMIC_NO_PIC = NO;
				GCC_NO_COMMON_BLOCKS = YES;
				GCC_OPTIMIZATION_LEVEL = 0;
				GCC_PREPROCESSOR_DEFINITIONS = (
					"DEBUG=1",
					"$(inherited)",
				);
				GCC_WARN_64_TO_32_BIT_CONVERSION = YES;
				GCC_WARN_ABOUT_RETURN_TYPE = YES_ERROR;
				GCC_WARN_UNDECLARED_SELECTOR = YES;
				GCC_WARN_UNINITIALIZED_AUTOS = YES_AGGRESSIVE;
				GCC_WARN_UNUSED_FUNCTION = YES;
				GCC_WARN_UNUSED_VARIABLE = YES;
				IPHONEOS_DEPLOYMENT_TARGET = 17.5;
				LOCALIZATION_PREFERS_STRING_CATALOGS = YES;
				MTL_ENABLE_DEBUG_INFO = INCLUDE_SOURCE;
				MTL_FAST_MATH = YES;
				ONLY_ACTIVE_ARCH = YES;
				SDKROOT = iphoneos;
				SWIFT_ACTIVE_COMPILATION_CONDITIONS = "DEBUG $(inherited)";
				SWIFT_OPTIMIZATION_LEVEL = "-Onone";
			};
			name = Debug;
		};
		69DC35C62C0E3C680002D39D /* Release */ = {
			isa = XCBuildConfiguration;
			buildSettings = {
				ALWAYS_SEARCH_USER_PATHS = NO;
				ASSETCATALOG_COMPILER_GENERATE_SWIFT_ASSET_SYMBOL_EXTENSIONS = YES;
				CLANG_ANALYZER_NONNULL = YES;
				CLANG_ANALYZER_NUMBER_OBJECT_CONVERSION = YES_AGGRESSIVE;
				CLANG_CXX_LANGUAGE_STANDARD = "gnu++20";
				CLANG_ENABLE_MODULES = YES;
				CLANG_ENABLE_OBJC_ARC = YES;
				CLANG_ENABLE_OBJC_WEAK = YES;
				CLANG_WARN_BLOCK_CAPTURE_AUTORELEASING = YES;
				CLANG_WARN_BOOL_CONVERSION = YES;
				CLANG_WARN_COMMA = YES;
				CLANG_WARN_CONSTANT_CONVERSION = YES;
				CLANG_WARN_DEPRECATED_OBJC_IMPLEMENTATIONS = YES;
				CLANG_WARN_DIRECT_OBJC_ISA_USAGE = YES_ERROR;
				CLANG_WARN_DOCUMENTATION_COMMENTS = YES;
				CLANG_WARN_EMPTY_BODY = YES;
				CLANG_WARN_ENUM_CONVERSION = YES;
				CLANG_WARN_INFINITE_RECURSION = YES;
				CLANG_WARN_INT_CONVERSION = YES;
				CLANG_WARN_NON_LITERAL_NULL_CONVERSION = YES;
				CLANG_WARN_OBJC_IMPLICIT_RETAIN_SELF = YES;
				CLANG_WARN_OBJC_LITERAL_CONVERSION = YES;
				CLANG_WARN_OBJC_ROOT_CLASS = YES_ERROR;
				CLANG_WARN_QUOTED_INCLUDE_IN_FRAMEWORK_HEADER = YES;
				CLANG_WARN_RANGE_LOOP_ANALYSIS = YES;
				CLANG_WARN_STRICT_PROTOTYPES = YES;
				CLANG_WARN_SUSPICIOUS_MOVE = YES;
				CLANG_WARN_UNGUARDED_AVAILABILITY = YES_AGGRESSIVE;
				CLANG_WARN_UNREACHABLE_CODE = YES;
				CLANG_WARN__DUPLICATE_METHOD_MATCH = YES;
				COPY_PHASE_STRIP = NO;
				DEBUG_INFORMATION_FORMAT = "dwarf-with-dsym";
				ENABLE_NS_ASSERTIONS = NO;
				ENABLE_STRICT_OBJC_MSGSEND = YES;
				ENABLE_USER_SCRIPT_SANDBOXING = YES;
				GCC_C_LANGUAGE_STANDARD = gnu17;
				GCC_NO_COMMON_BLOCKS = YES;
				GCC_WARN_64_TO_32_BIT_CONVERSION = YES;
				GCC_WARN_ABOUT_RETURN_TYPE = YES_ERROR;
				GCC_WARN_UNDECLARED_SELECTOR = YES;
				GCC_WARN_UNINITIALIZED_AUTOS = YES_AGGRESSIVE;
				GCC_WARN_UNUSED_FUNCTION = YES;
				GCC_WARN_UNUSED_VARIABLE = YES;
				IPHONEOS_DEPLOYMENT_TARGET = 17.5;
				LOCALIZATION_PREFERS_STRING_CATALOGS = YES;
				MTL_ENABLE_DEBUG_INFO = NO;
				MTL_FAST_MATH = YES;
				SDKROOT = iphoneos;
				SWIFT_COMPILATION_MODE = wholemodule;
				VALIDATE_PRODUCT = YES;
			};
			name = Release;
		};
		69DC35C82C0E3C680002D39D /* Debug */ = {
			isa = XCBuildConfiguration;
			buildSettings = {
				ASSETCATALOG_COMPILER_APPICON_NAME = AppIcon;
				ASSETCATALOG_COMPILER_GLOBAL_ACCENT_COLOR_NAME = AccentColor;
				CODE_SIGN_STYLE = Automatic;
				CURRENT_PROJECT_VERSION = 1;
				DEVELOPMENT_ASSET_PATHS = "\"pwdmngr/Preview Content\"";
				DEVELOPMENT_TEAM = 7J83HXL65P;
				ENABLE_PREVIEWS = YES;
				GENERATE_INFOPLIST_FILE = YES;
				INFOPLIST_FILE = pwdmngr/Info.plist;
				INFOPLIST_KEY_UIApplicationSceneManifest_Generation = YES;
				INFOPLIST_KEY_UIApplicationSupportsIndirectInputEvents = YES;
				INFOPLIST_KEY_UILaunchScreen_Generation = YES;
				INFOPLIST_KEY_UISupportedInterfaceOrientations_iPad = "UIInterfaceOrientationPortrait UIInterfaceOrientationPortraitUpsideDown UIInterfaceOrientationLandscapeLeft UIInterfaceOrientationLandscapeRight";
				INFOPLIST_KEY_UISupportedInterfaceOrientations_iPhone = "UIInterfaceOrientationPortrait UIInterfaceOrientationLandscapeLeft UIInterfaceOrientationLandscapeRight";
				LD_RUNPATH_SEARCH_PATHS = (
					"$(inherited)",
					"@executable_path/Frameworks",
				);
				MARKETING_VERSION = 1.0;
				PRODUCT_BUNDLE_IDENTIFIER = com.lukakuterovac.pwdmngr;
				PRODUCT_NAME = "$(TARGET_NAME)";
				SWIFT_EMIT_LOC_STRINGS = YES;
				SWIFT_VERSION = 5.0;
				TARGETED_DEVICE_FAMILY = "1,2";
			};
			name = Debug;
		};
		69DC35C92C0E3C680002D39D /* Release */ = {
			isa = XCBuildConfiguration;
			buildSettings = {
				ASSETCATALOG_COMPILER_APPICON_NAME = AppIcon;
				ASSETCATALOG_COMPILER_GLOBAL_ACCENT_COLOR_NAME = AccentColor;
				CODE_SIGN_STYLE = Automatic;
				CURRENT_PROJECT_VERSION = 1;
				DEVELOPMENT_ASSET_PATHS = "\"pwdmngr/Preview Content\"";
				DEVELOPMENT_TEAM = 7J83HXL65P;
				ENABLE_PREVIEWS = YES;
				GENERATE_INFOPLIST_FILE = YES;
				INFOPLIST_FILE = pwdmngr/Info.plist;
				INFOPLIST_KEY_UIApplicationSceneManifest_Generation = YES;
				INFOPLIST_KEY_UIApplicationSupportsIndirectInputEvents = YES;
				INFOPLIST_KEY_UILaunchScreen_Generation = YES;
				INFOPLIST_KEY_UISupportedInterfaceOrientations_iPad = "UIInterfaceOrientationPortrait UIInterfaceOrientationPortraitUpsideDown UIInterfaceOrientationLandscapeLeft UIInterfaceOrientationLandscapeRight";
				INFOPLIST_KEY_UISupportedInterfaceOrientations_iPhone = "UIInterfaceOrientationPortrait UIInterfaceOrientationLandscapeLeft UIInterfaceOrientationLandscapeRight";
				LD_RUNPATH_SEARCH_PATHS = (
					"$(inherited)",
					"@executable_path/Frameworks",
				);
				MARKETING_VERSION = 1.0;
				PRODUCT_BUNDLE_IDENTIFIER = com.lukakuterovac.pwdmngr;
				PRODUCT_NAME = "$(TARGET_NAME)";
				SWIFT_EMIT_LOC_STRINGS = YES;
				SWIFT_VERSION = 5.0;
				TARGETED_DEVICE_FAMILY = "1,2";
			};
			name = Release;
		};
/* End XCBuildConfiguration section */

/* Begin XCConfigurationList section */
		69DC35B42C0E3C660002D39D /* Build configuration list for PBXProject "pwdmngr" */ = {
			isa = XCConfigurationList;
			buildConfigurations = (
				69DC35C52C0E3C680002D39D /* Debug */,
				69DC35C62C0E3C680002D39D /* Release */,
			);
			defaultConfigurationIsVisible = 0;
			defaultConfigurationName = Release;
		};
		69DC35C72C0E3C680002D39D /* Build configuration list for PBXNativeTarget "pwdmngr" */ = {
			isa = XCConfigurationList;
			buildConfigurations = (
				69DC35C82C0E3C680002D39D /* Debug */,
				69DC35C92C0E3C680002D39D /* Release */,
			);
			defaultConfigurationIsVisible = 0;
			defaultConfigurationName = Release;
		};
/* End XCConfigurationList section */
	};
	rootObject = 69DC35B12C0E3C660002D39D /* Project object */;
}
